lockfileVersion: '9.0'

settings:
  autoInstallPeers: true
  excludeLinksFromLockfile: false

importers:

  .:
    devDependencies:
      srvx:
        specifier: ^0.10.1
        version: 0.10.1

packages:

  srvx@0.10.1:
    resolution: {integrity: sha512-A//xtfak4eESMWWydSRFUVvCTQbSwivnGCEf8YGPe2eHU0+Z6znfUTCPF0a7oV3sObSOcrXHlL6Bs9vVctfXdg==}
    engines: {node: '>=20.16.0'}
    hasBin: true

snapshots:

  srvx@0.10.1: {}
